// !$*UTF8*$!
{
	archiveVersion = 1;
	classes = {
	};
	objectVersion = 77;
	objects = {

/* Begin PBXContainerItemProxy section */
		17BBB7662D62860E002089E8 /* PBXContainerItemProxy */ = {
			isa = PBXContainerItemProxy;
			containerPortal = 17BBB74D2D62860D002089E8 /* Project object */;
			proxyType = 1;
			remoteGlobalIDString = 17BBB7542D62860D002089E8;
			remoteInfo = "Rain Bounty IOS";
		};
		17BBB7702D62860E002089E8 /* PBXContainerItemProxy */ = {
			isa = PBXContainerItemProxy;
			containerPortal = 17BBB74D2D62860D002089E8 /* Project object */;
			proxyType = 1;
			remoteGlobalIDString = 17BBB7542D62860D002089E8;
			remoteInfo = "Rain Bounty IOS";
		};
/* End PBXContainerItemProxy section */

/* Begin PBXFileReference section */
		17BBB7552D62860D002089E8 /* Rain Bounty.app */ = {isa = PBXFileReference; explicitFileType = wrapper.application; includeInIndex = 0; path = "Rain Bounty.app"; sourceTree = BUILT_PRODUCTS_DIR; };
		17BBB7652D62860E002089E8 /* Rain Bounty IOSTests.xctest */ = {isa = PBXFileReference; explicitFileType = wrapper.cfbundle; includeInIndex = 0; path = "Rain Bounty IOSTests.xctest"; sourceTree = BUILT_PRODUCTS_DIR; };
		17BBB76F2D62860E002089E8 /* Rain Bounty IOSUITests.xctest */ = {isa = PBXFileReference; explicitFileType = wrapper.cfbundle; includeInIndex = 0; path = "Rain Bounty IOSUITests.xctest"; sourceTree = BUILT_PRODUCTS_DIR; };
/* End PBXFileReference section */

/* Begin PBXFileSystemSynchronizedRootGroup section */
		17BBB7572D62860D002089E8 /* Rain Bounty IOS */ = {
			isa = PBXFileSystemSynchronizedRootGroup;
			path = "Rain Bounty IOS";
			sourceTree = "<group>";
		};
		17BBB7682D62860E002089E8 /* Rain Bounty IOSTests */ = {
			isa = PBXFileSystemSynchronizedRootGroup;
			path = "Rain Bounty IOSTests";
			sourceTree = "<group>";
		};
		17BBB7722D62860E002089E8 /* Rain Bounty IOSUITests */ = {
			isa = PBXFileSystemSynchronizedRootGroup;
			path = "Rain Bounty IOSUITests";
			sourceTree = "<group>";
		};
/* End PBXFileSystemSynchronizedRootGroup section */

/* Begin PBXFrameworksBuildPhase section */
		17BBB7522D62860D002089E8 /* Frameworks */ = {
			isa = PBXFrameworksBuildPhase;
			buildActionMask = 2147483647;
			files = (
			);
			runOnlyForDeploymentPostprocessing = 0;
		};
		17BBB7622D62860E002089E8 /* Frameworks */ = {
			isa = PBXFrameworksBuildPhase;
			buildActionMask = 2147483647;
			files = (
			);
			runOnlyForDeploymentPostprocessing = 0;
		};
		17BBB76C2D62860E002089E8 /* Frameworks */ = {
			isa = PBXFrameworksBuildPhase;
			buildActionMask = 2147483647;
			files = (
			);
			runOnlyForDeploymentPostprocessing = 0;
		};
/* End PBXFrameworksBuildPhase section */

/* Begin PBXGroup section */
		17BBB74C2D62860D002089E8 = {
			isa = PBXGroup;
			children = (
				17BBB7572D62860D002089E8 /* Rain Bounty IOS */,
				17BBB7682D62860E002089E8 /* Rain Bounty IOSTests */,
				17BBB7722D62860E002089E8 /* Rain Bounty IOSUITests */,
				17BBB7562D62860D002089E8 /* Products */,
			);
			sourceTree = "<group>";
		};
		17BBB7562D62860D002089E8 /* Products */ = {
			isa = PBXGroup;
			children = (
				17BBB7552D62860D002089E8 /* Rain Bounty.app */,
				17BBB7652D62860E002089E8 /* Rain Bounty IOSTests.xctest */,
				17BBB76F2D62860E002089E8 /* Rain Bounty IOSUITests.xctest */,
			);
			name = Products;
			sourceTree = "<group>";
		};
/* End PBXGroup section */

/* Begin PBXNativeTarget section */
		17BBB7542D62860D002089E8 /* Rain Bounty */ = {
			isa = PBXNativeTarget;
			buildConfigurationList = 17BBB7792D62860E002089E8 /* Build configuration list for PBXNativeTarget "Rain Bounty" */;
			buildPhases = (
				17BBB7512D62860D002089E8 /* Sources */,
				17BBB7522D62860D002089E8 /* Frameworks */,
				17BBB7532D62860D002089E8 /* Resources */,
			);
			buildRules = (
			);
			dependencies = (
			);
			fileSystemSynchronizedGroups = (
				17BBB7572D62860D002089E8 /* Rain Bounty IOS */,
			);
			name = "Rain Bounty";
			packageProductDependencies = (
			);
			productName = "Rain Bounty IOS";
			productReference = 17BBB7552D62860D002089E8 /* Rain Bounty.app */;
			productType = "com.apple.product-type.application";
		};
		17BBB7642D62860E002089E8 /* Rain Bounty IOSTests */ = {
			isa = PBXNativeTarget;
			buildConfigurationList = 17BBB77C2D62860E002089E8 /* Build configuration list for PBXNativeTarget "Rain Bounty IOSTests" */;
			buildPhases = (
				17BBB7612D62860E002089E8 /* Sources */,
				17BBB7622D62860E002089E8 /* Frameworks */,
				17BBB7632D62860E002089E8 /* Resources */,
			);
			buildRules = (
			);
			dependencies = (
				17BBB7672D62860E002089E8 /* PBXTargetDependency */,
			);
			fileSystemSynchronizedGroups = (
				17BBB7682D62860E002089E8 /* Rain Bounty IOSTests */,
			);
			name = "Rain Bounty IOSTests";
			packageProductDependencies = (
			);
			productName = "Rain Bounty IOSTests";
			productReference = 17BBB7652D62860E002089E8 /* Rain Bounty IOSTests.xctest */;
			productType = "com.apple.product-type.bundle.unit-test";
		};
		17BBB76E2D62860E002089E8 /* Rain Bounty IOSUITests */ = {
			isa = PBXNativeTarget;
			buildConfigurationList = 17BBB77F2D62860E002089E8 /* Build configuration list for PBXNativeTarget "Rain Bounty IOSUITests" */;
			buildPhases = (
				17BBB76B2D62860E002089E8 /* Sources */,
				17BBB76C2D62860E002089E8 /* Frameworks */,
				17BBB76D2D62860E002089E8 /* Resources */,
			);
			buildRules = (
			);
			dependencies = (
				17BBB7712D62860E002089E8 /* PBXTargetDependency */,
			);
			fileSystemSynchronizedGroups = (
				17BBB7722D62860E002089E8 /* Rain Bounty IOSUITests */,
			);
			name = "Rain Bounty IOSUITests";
			packageProductDependencies = (
			);
			productName = "Rain Bounty IOSUITests";
			productReference = 17BBB76F2D62860E002089E8 /* Rain Bounty IOSUITests.xctest */;
			productType = "com.apple.product-type.bundle.ui-testing";
		};
/* End PBXNativeTarget section */

/* Begin PBXProject section */
		17BBB74D2D62860D002089E8 /* Project object */ = {
			isa = PBXProject;
			attributes = {
				BuildIndependentTargetsInParallel = 1;
				LastSwiftUpdateCheck = 1620;
				LastUpgradeCheck = 1620;
				TargetAttributes = {
					17BBB7542D62860D002089E8 = {
						CreatedOnToolsVersion = 16.2;
					};
					17BBB7642D62860E002089E8 = {
						CreatedOnToolsVersion = 16.2;
						TestTargetID = 17BBB7542D62860D002089E8;
					};
					17BBB76E2D62860E002089E8 = {
						CreatedOnToolsVersion = 16.2;
						TestTargetID = 17BBB7542D62860D002089E8;
					};
				};
			};
			buildConfigurationList = 17BBB7502D62860D002089E8 /* Build configuration list for PBXProject "Rain Bounty IOS" */;
			developmentRegion = en;
			hasScannedForEncodings = 0;
			knownRegions = (
				en,
				Base,
			);
			mainGroup = 17BBB74C2D62860D002089E8;
			minimizedProjectReferenceProxies = 1;
			preferredProjectObjectVersion = 77;
			productRefGroup = 17BBB7562D62860D002089E8 /* Products */;
			projectDirPath = "";
			projectRoot = "";
			targets = (
				17BBB7542D62860D002089E8 /* Rain Bounty */,
				17BBB7642D62860E002089E8 /* Rain Bounty IOSTests */,
				17BBB76E2D62860E002089E8 /* Rain Bounty IOSUITests */,
			);
		};
/* End PBXProject section */

/* Begin PBXResourcesBuildPhase section */
		17BBB7532D62860D002089E8 /* Resources */ = {
			isa = PBXResourcesBuildPhase;
			buildActionMask = 2147483647;
			files = (
			);
			runOnlyForDeploymentPostprocessing = 0;
		};
		17BBB7632D62860E002089E8 /* Resources */ = {
			isa = PBXResourcesBuildPhase;
			buildActionMask = 2147483647;
			files = (
			);
			runOnlyForDeploymentPostprocessing = 0;
		};
		17BBB76D2D62860E002089E8 /* Resources */ = {
			isa = PBXResourcesBuildPhase;
			buildActionMask = 2147483647;
			files = (
			);
			runOnlyForDeploymentPostprocessing = 0;
		};
/* End PBXResourcesBuildPhase section */

/* Begin PBXSourcesBuildPhase section */
		17BBB7512D62860D002089E8 /* Sources */ = {
			isa = PBXSourcesBuildPhase;
			buildActionMask = 2147483647;
			files = (
			);
			runOnlyForDeploymentPostprocessing = 0;
		};
		17BBB7612D62860E002089E8 /* Sources */ = {
			isa = PBXSourcesBuildPhase;
			buildActionMask = 2147483647;
			files = (
			);
			runOnlyForDeploymentPostprocessing = 0;
		};
		17BBB76B2D62860E002089E8 /* Sources */ = {
			isa = PBXSourcesBuildPhase;
			buildActionMask = 2147483647;
			files = (
			);
			runOnlyForDeploymentPostprocessing = 0;
		};
/* End PBXSourcesBuildPhase section */

/* Begin PBXTargetDependency section */
		17BBB7672D62860E002089E8 /* PBXTargetDependency */ = {
			isa = PBXTargetDependency;
			target = 17BBB7542D62860D002089E8 /* Rain Bounty */;
			targetProxy = 17BBB7662D62860E002089E8 /* PBXContainerItemProxy */;
		};
		17BBB7712D62860E002089E8 /* PBXTargetDependency */ = {
			isa = PBXTargetDependency;
			target = 17BBB7542D62860D002089E8 /* Rain Bounty */;
			targetProxy = 17BBB7702D62860E002089E8 /* PBXContainerItemProxy */;
		};
/* End PBXTargetDependency section */

/* Begin XCBuildConfiguration section */
		17BBB7772D62860E002089E8 /* Debug */ = {
			isa = XCBuildConfiguration;
			buildSettings = {
				ALWAYS_SEARCH_USER_PATHS = NO;
				ASSETCATALOG_COMPILER_GENERATE_SWIFT_ASSET_SYMBOL_EXTENSIONS = YES;
				CLANG_ANALYZER_NONNULL = YES;
				CLANG_ANALYZER_NUMBER_OBJECT_CONVERSION = YES_AGGRESSIVE;
				CLANG_CXX_LANGUAGE_STANDARD = "gnu++20";
				CLANG_ENABLE_MODULES = YES;
				CLANG_ENABLE_OBJC_ARC = YES;
				CLANG_ENABLE_OBJC_WEAK = YES;
				CLANG_WARN_BLOCK_CAPTURE_AUTORELEASING = YES;
				CLANG_WARN_BOOL_CONVERSION = YES;
				CLANG_WARN_COMMA = YES;
				CLANG_WARN_CONSTANT_CONVERSION = YES;
				CLANG_WARN_DEPRECATED_OBJC_IMPLEMENTATIONS = YES;
				CLANG_WARN_DIRECT_OBJC_ISA_USAGE = YES_ERROR;
				CLANG_WARN_DOCUMENTATION_COMMENTS = YES;
				CLANG_WARN_EMPTY_BODY = YES;
				CLANG_WARN_ENUM_CONVERSION = YES;
				CLANG_WARN_INFINITE_RECURSION = YES;
				CLANG_WARN_INT_CONVERSION = YES;
				CLANG_WARN_NON_LITERAL_NULL_CONVERSION = YES;
				CLANG_WARN_OBJC_IMPLICIT_RETAIN_SELF = YES;
				CLANG_WARN_OBJC_LITERAL_CONVERSION = YES;
				CLANG_WARN_OBJC_ROOT_CLASS = YES_ERROR;
				CLANG_WARN_QUOTED_INCLUDE_IN_FRAMEWORK_HEADER = YES;
				CLANG_WARN_RANGE_LOOP_ANALYSIS = YES;
				CLANG_WARN_STRICT_PROTOTYPES = YES;
				CLANG_WARN_SUSPICIOUS_MOVE = YES;
				CLANG_WARN_UNGUARDED_AVAILABILITY = YES_AGGRESSIVE;
				CLANG_WARN_UNREACHABLE_CODE = YES;
				CLANG_WARN__DUPLICATE_METHOD_MATCH = YES;
				COPY_PHASE_STRIP = NO;
				DEBUG_INFORMATION_FORMAT = dwarf;
				ENABLE_STRICT_OBJC_MSGSEND = YES;
				ENABLE_TESTABILITY = YES;
				ENABLE_USER_SCRIPT_SANDBOXING = YES;
				GCC_C_LANGUAGE_STANDARD = gnu17;
				GCC_DYNAMIC_NO_PIC = NO;
				GCC_NO_COMMON_BLOCKS = YES;
				GCC_OPTIMIZATION_LEVEL = 0;
				GCC_PREPROCESSOR_DEFINITIONS = (
					"DEBUG=1",
					"$(inherited)",
				);
				GCC_WARN_64_TO_32_BIT_CONVERSION = YES;
				GCC_WARN_ABOUT_RETURN_TYPE = YES_ERROR;
				GCC_WARN_UNDECLARED_SELECTOR = YES;
				GCC_WARN_UNINITIALIZED_AUTOS = YES_AGGRESSIVE;
				GCC_WARN_UNUSED_FUNCTION = YES;
				GCC_WARN_UNUSED_VARIABLE = YES;
				IPHONEOS_DEPLOYMENT_TARGET = 18.2;
				LOCALIZATION_PREFERS_STRING_CATALOGS = YES;
				MTL_ENABLE_DEBUG_INFO = INCLUDE_SOURCE;
				MTL_FAST_MATH = YES;
				ONLY_ACTIVE_ARCH = YES;
				SDKROOT = iphoneos;
				SWIFT_ACTIVE_COMPILATION_CONDITIONS = "DEBUG $(inherited)";
				SWIFT_OPTIMIZATION_LEVEL = "-Onone";
			};
			name = Debug;
		};
		17BBB7782D62860E002089E8 /* Release */ = {
			isa = XCBuildConfiguration;
			buildSettings = {
				ALWAYS_SEARCH_USER_PATHS = NO;
				ASSETCATALOG_COMPILER_GENERATE_SWIFT_ASSET_SYMBOL_EXTENSIONS = YES;
				CLANG_ANALYZER_NONNULL = YES;
				CLANG_ANALYZER_NUMBER_OBJECT_CONVERSION = YES_AGGRESSIVE;
				CLANG_CXX_LANGUAGE_STANDARD = "gnu++20";
				CLANG_ENABLE_MODULES = YES;
				CLANG_ENABLE_OBJC_ARC = YES;
				CLANG_ENABLE_OBJC_WEAK = YES;
				CLANG_WARN_BLOCK_CAPTURE_AUTORELEASING = YES;
				CLANG_WARN_BOOL_CONVERSION = YES;
				CLANG_WARN_COMMA = YES;
				CLANG_WARN_CONSTANT_CONVERSION = YES;
				CLANG_WARN_DEPRECATED_OBJC_IMPLEMENTATIONS = YES;
				CLANG_WARN_DIRECT_OBJC_ISA_USAGE = YES_ERROR;
				CLANG_WARN_DOCUMENTATION_COMMENTS = YES;
				CLANG_WARN_EMPTY_BODY = YES;
				CLANG_WARN_ENUM_CONVERSION = YES;
				CLANG_WARN_INFINITE_RECURSION = YES;
				CLANG_WARN_INT_CONVERSION = YES;
				CLANG_WARN_NON_LITERAL_NULL_CONVERSION = YES;
				CLANG_WARN_OBJC_IMPLICIT_RETAIN_SELF = YES;
				CLANG_WARN_OBJC_LITERAL_CONVERSION = YES;
				CLANG_WARN_OBJC_ROOT_CLASS = YES_ERROR;
				CLANG_WARN_QUOTED_INCLUDE_IN_FRAMEWORK_HEADER = YES;
				CLANG_WARN_RANGE_LOOP_ANALYSIS = YES;
				CLANG_WARN_STRICT_PROTOTYPES = YES;
				CLANG_WARN_SUSPICIOUS_MOVE = YES;
				CLANG_WARN_UNGUARDED_AVAILABILITY = YES_AGGRESSIVE;
				CLANG_WARN_UNREACHABLE_CODE = YES;
				CLANG_WARN__DUPLICATE_METHOD_MATCH = YES;
				COPY_PHASE_STRIP = NO;
				DEBUG_INFORMATION_FORMAT = "dwarf-with-dsym";
				ENABLE_NS_ASSERTIONS = NO;
				ENABLE_STRICT_OBJC_MSGSEND = YES;
				ENABLE_USER_SCRIPT_SANDBOXING = YES;
				GCC_C_LANGUAGE_STANDARD = gnu17;
				GCC_NO_COMMON_BLOCKS = YES;
				GCC_WARN_64_TO_32_BIT_CONVERSION = YES;
				GCC_WARN_ABOUT_RETURN_TYPE = YES_ERROR;
				GCC_WARN_UNDECLARED_SELECTOR = YES;
				GCC_WARN_UNINITIALIZED_AUTOS = YES_AGGRESSIVE;
				GCC_WARN_UNUSED_FUNCTION = YES;
				GCC_WARN_UNUSED_VARIABLE = YES;
				IPHONEOS_DEPLOYMENT_TARGET = 18.2;
				LOCALIZATION_PREFERS_STRING_CATALOGS = YES;
				MTL_ENABLE_DEBUG_INFO = NO;
				MTL_FAST_MATH = YES;
				SDKROOT = iphoneos;
				SWIFT_COMPILATION_MODE = wholemodule;
				VALIDATE_PRODUCT = YES;
			};
			name = Release;
		};
		17BBB77A2D62860E002089E8 /* Debug */ = {
			isa = XCBuildConfiguration;
			buildSettings = {
				ASSETCATALOG_COMPILER_APPICON_NAME = AppIcon;
				ASSETCATALOG_COMPILER_GLOBAL_ACCENT_COLOR_NAME = AccentColor;
				CODE_SIGN_STYLE = Automatic;
				CURRENT_PROJECT_VERSION = 1;
				DEVELOPMENT_ASSET_PATHS = "\"Rain Bounty IOS/Preview Content\"";
				ENABLE_PREVIEWS = YES;
				GENERATE_INFOPLIST_FILE = YES;
				INFOPLIST_KEY_NSLocationAlwaysAndWhenInUseUsageDescription = "This app requires location info to provide accurate rain water harvesting historical trends and forecast";
				INFOPLIST_KEY_NSLocationUsageDescription = "This app requires location info to provide accurate rain water harvesting historical trends and forecast";
				INFOPLIST_KEY_NSLocationWhenInUseUsageDescription = "This app requires location info to provide accurate rain water harvesting historical trends and forecast";
				INFOPLIST_KEY_UIApplicationSceneManifest_Generation = YES;
				INFOPLIST_KEY_UIApplicationSupportsIndirectInputEvents = YES;
				INFOPLIST_KEY_UILaunchScreen_Generation = YES;
				INFOPLIST_KEY_UISupportedInterfaceOrientations_iPad = "UIInterfaceOrientationPortrait UIInterfaceOrientationPortraitUpsideDown UIInterfaceOrientationLandscapeLeft UIInterfaceOrientationLandscapeRight";
				INFOPLIST_KEY_UISupportedInterfaceOrientations_iPhone = "UIInterfaceOrientationPortrait UIInterfaceOrientationLandscapeLeft UIInterfaceOrientationLandscapeRight";
				IPHONEOS_DEPLOYMENT_TARGET = 15.6;
				LD_RUNPATH_SEARCH_PATHS = (
					"$(inherited)",
					"@executable_path/Frameworks",
				);
				MARKETING_VERSION = 1.0;
				PRODUCT_BUNDLE_IDENTIFIER = "com.suryas.Rain-Bounty-IOS";
				PRODUCT_NAME = "$(TARGET_NAME)";
				SWIFT_EMIT_LOC_STRINGS = YES;
				SWIFT_VERSION = 5.0;
				TARGETED_DEVICE_FAMILY = "1,2";
			};
			name = Debug;
		};
		17BBB77B2D62860E002089E8 /* Release */ = {
			isa = XCBuildConfiguration;
			buildSettings = {
				ASSETCATALOG_COMPILER_APPICON_NAME = AppIcon;
				ASSETCATALOG_COMPILER_GLOBAL_ACCENT_COLOR_NAME = AccentColor;
				CODE_SIGN_STYLE = Automatic;
				CURRENT_PROJECT_VERSION = 1;
				DEVELOPMENT_ASSET_PATHS = "\"Rain Bounty IOS/Preview Content\"";
				ENABLE_PREVIEWS = YES;
				GENERATE_INFOPLIST_FILE = YES;
				INFOPLIST_KEY_NSLocationAlwaysAndWhenInUseUsageDescription = "This app requires location info to provide accurate rain water harvesting historical trends and forecast";
				INFOPLIST_KEY_NSLocationUsageDescription = "This app requires location info to provide accurate rain water harvesting historical trends and forecast";
				INFOPLIST_KEY_NSLocationWhenInUseUsageDescription = "This app requires location info to provide accurate rain water harvesting historical trends and forecast";
				INFOPLIST_KEY_UIApplicationSceneManifest_Generation = YES;
				INFOPLIST_KEY_UIApplicationSupportsIndirectInputEvents = YES;
				INFOPLIST_KEY_UILaunchScreen_Generation = YES;
				INFOPLIST_KEY_UISupportedInterfaceOrientations_iPad = "UIInterfaceOrientationPortrait UIInterfaceOrientationPortraitUpsideDown UIInterfaceOrientationLandscapeLeft UIInterfaceOrientationLandscapeRight";
				INFOPLIST_KEY_UISupportedInterfaceOrientations_iPhone = "UIInterfaceOrientationPortrait UIInterfaceOrientationLandscapeLeft UIInterfaceOrientationLandscapeRight";
				IPHONEOS_DEPLOYMENT_TARGET = 15.6;
				LD_RUNPATH_SEARCH_PATHS = (
					"$(inherited)",
					"@executable_path/Frameworks",
				);
				MARKETING_VERSION = 1.0;
				PRODUCT_BUNDLE_IDENTIFIER = "com.suryas.Rain-Bounty-IOS";
				PRODUCT_NAME = "$(TARGET_NAME)";
				SWIFT_EMIT_LOC_STRINGS = YES;
				SWIFT_VERSION = 5.0;
				TARGETED_DEVICE_FAMILY = "1,2";
			};
			name = Release;
		};
		17BBB77D2D62860E002089E8 /* Debug */ = {
			isa = XCBuildConfiguration;
			buildSettings = {
				BUNDLE_LOADER = "$(TEST_HOST)";
				CODE_SIGN_STYLE = Automatic;
				CURRENT_PROJECT_VERSION = 1;
				GENERATE_INFOPLIST_FILE = YES;
				IPHONEOS_DEPLOYMENT_TARGET = 18.2;
				MARKETING_VERSION = 1.0;
				PRODUCT_BUNDLE_IDENTIFIER = "com.suryas.Rain-Bounty-IOSTests";
				PRODUCT_NAME = "$(TARGET_NAME)";
				SWIFT_EMIT_LOC_STRINGS = NO;
				SWIFT_VERSION = 5.0;
				TARGETED_DEVICE_FAMILY = "1,2";
				TEST_HOST = "$(BUILT_PRODUCTS_DIR)/Rain Bounty IOS.app/$(BUNDLE_EXECUTABLE_FOLDER_PATH)/Rain Bounty IOS";
			};
			name = Debug;
		};
		17BBB77E2D62860E002089E8 /* Release */ = {
			isa = XCBuildConfiguration;
			buildSettings = {
				BUNDLE_LOADER = "$(TEST_HOST)";
				CODE_SIGN_STYLE = Automatic;
				CURRENT_PROJECT_VERSION = 1;
				GENERATE_INFOPLIST_FILE = YES;
				IPHONEOS_DEPLOYMENT_TARGET = 18.2;
				MARKETING_VERSION = 1.0;
				PRODUCT_BUNDLE_IDENTIFIER = "com.suryas.Rain-Bounty-IOSTests";
				PRODUCT_NAME = "$(TARGET_NAME)";
				SWIFT_EMIT_LOC_STRINGS = NO;
				SWIFT_VERSION = 5.0;
				TARGETED_DEVICE_FAMILY = "1,2";
				TEST_HOST = "$(BUILT_PRODUCTS_DIR)/Rain Bounty IOS.app/$(BUNDLE_EXECUTABLE_FOLDER_PATH)/Rain Bounty IOS";
			};
			name = Release;
		};
		17BBB7802D62860E002089E8 /* Debug */ = {
			isa = XCBuildConfiguration;
			buildSettings = {
				CODE_SIGN_STYLE = Automatic;
				CURRENT_PROJECT_VERSION = 1;
				GENERATE_INFOPLIST_FILE = YES;
				MARKETING_VERSION = 1.0;
				PRODUCT_BUNDLE_IDENTIFIER = "com.suryas.Rain-Bounty-IOSUITests";
				PRODUCT_NAME = "$(TARGET_NAME)";
				SWIFT_EMIT_LOC_STRINGS = NO;
				SWIFT_VERSION = 5.0;
				TARGETED_DEVICE_FAMILY = "1,2";
				TEST_TARGET_NAME = "Rain Bounty IOS";
			};
			name = Debug;
		};
		17BBB7812D62860E002089E8 /* Release */ = {
			isa = XCBuildConfiguration;
			buildSettings = {
				CODE_SIGN_STYLE = Automatic;
				CURRENT_PROJECT_VERSION = 1;
				GENERATE_INFOPLIST_FILE = YES;
				MARKETING_VERSION = 1.0;
				PRODUCT_BUNDLE_IDENTIFIER = "com.suryas.Rain-Bounty-IOSUITests";
				PRODUCT_NAME = "$(TARGET_NAME)";
				SWIFT_EMIT_LOC_STRINGS = NO;
				SWIFT_VERSION = 5.0;
				TARGETED_DEVICE_FAMILY = "1,2";
				TEST_TARGET_NAME = "Rain Bounty IOS";
			};
			name = Release;
		};
/* End XCBuildConfiguration section */

/* Begin XCConfigurationList section */
		17BBB7502D62860D002089E8 /* Build configuration list for PBXProject "Rain Bounty IOS" */ = {
			isa = XCConfigurationList;
			buildConfigurations = (
				17BBB7772D62860E002089E8 /* Debug */,
				17BBB7782D62860E002089E8 /* Release */,
			);
			defaultConfigurationIsVisible = 0;
			defaultConfigurationName = Release;
		};
		17BBB7792D62860E002089E8 /* Build configuration list for PBXNativeTarget "Rain Bounty" */ = {
			isa = XCConfigurationList;
			buildConfigurations = (
				17BBB77A2D62860E002089E8 /* Debug */,
				17BBB77B2D62860E002089E8 /* Release */,
			);
			defaultConfigurationIsVisible = 0;
			defaultConfigurationName = Release;
		};
		17BBB77C2D62860E002089E8 /* Build configuration list for PBXNativeTarget "Rain Bounty IOSTests" */ = {
			isa = XCConfigurationList;
			buildConfigurations = (
				17BBB77D2D62860E002089E8 /* Debug */,
				17BBB77E2D62860E002089E8 /* Release */,
			);
			defaultConfigurationIsVisible = 0;
			defaultConfigurationName = Release;
		};
		17BBB77F2D62860E002089E8 /* Build configuration list for PBXNativeTarget "Rain Bounty IOSUITests" */ = {
			isa = XCConfigurationList;
			buildConfigurations = (
				17BBB7802D62860E002089E8 /* Debug */,
				17BBB7812D62860E002089E8 /* Release */,
			);
			defaultConfigurationIsVisible = 0;
			defaultConfigurationName = Release;
		};
/* End XCConfigurationList section */
	};
	rootObject = 17BBB74D2D62860D002089E8 /* Project object */;
}
